<?xml version="1.0" encoding="utf-8"?>
<Project ToolsVersion="4.0" xmlns="http://schemas.microsoft.com/developer/msbuild/2003">
  <ItemGroup>
    <Filter Include="Source Files">
      <UniqueIdentifier>{4FC737F1-C7A5-4376-A066-2A32D752A2FF}</UniqueIdentifier>
      <Extensions>cpp;c;cc;cxx;def;odl;idl;hpj;bat;asm;asmx</Extensions>
    </Filter>
    <Filter Include="Header Files">
      <UniqueIdentifier>{93995380-89BD-4b04-88EB-625FBE52EBFB}</UniqueIdentifier>
      <Extensions>h;hpp;hxx;hm;inl;inc;xsd</Extensions>
    </Filter>
    <Filter Include="Resource Files">
      <UniqueIdentifier>{67DA6AB6-F800-4c08-8B7A-83BB121AAD01}</UniqueIdentifier>
      <Extensions>rc;ico;cur;bmp;dlg;rc2;rct;bin;rgs;gif;jpg;jpeg;jpe;resx;tiff;tif;png;wav;mfcribbon-ms</Extensions>
    </Filter>
    <Filter Include="Generated Files">
      <UniqueIdentifier>{a36c7f63-26f4-41fb-819f-fcbf719b2e50}</UniqueIdentifier>
      <SourceControlFiles>False</SourceControlFiles>
    </Filter>
  </ItemGroup>
  <ItemGroup>
    <ClCompile Include="stdafx.cpp">
      <Filter>Source Files</Filter>
    </ClCompile>
    <ClCompile Include="VideoProvider.cpp">
      <Filter>Source Files</Filter>
    </ClCompile>
    <ClCompile Include="dllmain.cpp">
      <Filter>Source Files</Filter>
    </ClCompile>
    <ClCompile Include="xdlldata.c">
      <Filter>Source Files</Filter>
    </ClCompile>
    <ClCompile Include="VideoProvider_i.c">
      <Filter>Generated Files</Filter>
    </ClCompile>
    <ClCompile Include="VideoGraphConfiguration.cpp">
      <Filter>Source Files</Filter>
    </ClCompile>
    <ClCompile Include="VideoGraph.cpp">
      <Filter>Source Files</Filter>
    </ClCompile>
    <ClCompile Include="MediaMonikerStore.cpp">
      <Filter>Source Files</Filter>
    </ClCompile>
    <ClCompile Include="MediaMonikerList.cpp">
      <Filter>Source Files</Filter>
    </ClCompile>
    <ClCompile Include="VideoDeviceInfo.cpp">
      <Filter>Source Files</Filter>
    </ClCompile>
    <ClCompile Include="VideoDeviceInfoList.cpp">
      <Filter>Source Files</Filter>
    </ClCompile>
    <ClCompile Include="VideoDeviceInfoAdapter.cpp">
      <Filter>Source Files</Filter>
    </ClCompile>
    <ClCompile Include="DataConverter.cpp">
      <Filter>Source Files</Filter>
    </ClCompile>
    <ClCompile Include="VideoDeviceInfoDiscovery.cpp">
      <Filter>Source Files</Filter>
    </ClCompile>
    <ClCompile Include="VideoGraphScope.cpp">
      <Filter>Source Files</Filter>
    </ClCompile>
    <ClCompile Include="DeviceVideoPlayer.cpp">
      <Filter>Source Files</Filter>
    </ClCompile>
    <ClCompile Include="Test.cpp">
      <Filter>Source Files</Filter>
    </ClCompile>
    <ClCompile Include="BackgroundThread.cpp">
      <Filter>Source Files</Filter>
    </ClCompile>
    <ClCompile Include="VideoGraphRunner.cpp">
      <Filter>Source Files</Filter>
    </ClCompile>
    <ClCompile Include="CoInitializer.cpp">
      <Filter>Source Files</Filter>
    </ClCompile>
    <ClCompile Include="Setting.cpp">
      <Filter>Source Files</Filter>
    </ClCompile>
    <ClCompile Include="SettingList.cpp">
      <Filter>Source Files</Filter>
    </ClCompile>
    <ClCompile Include="SettingFactory.cpp">
      <Filter>Source Files</Filter>
    </ClCompile>
    <ClCompile Include="Frame.cpp">
      <Filter>Source Files</Filter>
    </ClCompile>
    <ClCompile Include="FrameBuffer.cpp">
      <Filter>Source Files</Filter>
    </ClCompile>
    <ClCompile Include="VideoChannelList.cpp">
      <Filter>Source Files</Filter>
    </ClCompile>
  </ItemGroup>
  <ItemGroup>
    <ClInclude Include="stdafx.h">
      <Filter>Header Files</Filter>
    </ClInclude>
    <ClInclude Include="targetver.h">
      <Filter>Header Files</Filter>
    </ClInclude>
    <ClInclude Include="Resource.h">
      <Filter>Header Files</Filter>
    </ClInclude>
    <ClInclude Include="dllmain.h">
      <Filter>Header Files</Filter>
    </ClInclude>
    <ClInclude Include="xdlldata.h">
      <Filter>Header Files</Filter>
    </ClInclude>
    <ClInclude Include="VideoProvider_i.h">
      <Filter>Generated Files</Filter>
    </ClInclude>
    <ClInclude Include="VideoGraphConfiguration.h">
      <Filter>Header Files</Filter>
    </ClInclude>
    <ClInclude Include="VideoGraph.h">
      <Filter>Header Files</Filter>
    </ClInclude>
    <ClInclude Include="MediaMonikerStore.h">
      <Filter>Header Files</Filter>
    </ClInclude>
    <ClInclude Include="MediaMonikerList.h">
      <Filter>Header Files</Filter>
    </ClInclude>
    <ClInclude Include="VideoDeviceInfo.h">
      <Filter>Header Files</Filter>
    </ClInclude>
    <ClInclude Include="VideoDeviceInfoList.h">
      <Filter>Header Files</Filter>
    </ClInclude>
    <ClInclude Include="VideoDeviceInfoAdapter.h">
      <Filter>Header Files</Filter>
    </ClInclude>
    <ClInclude Include="SampleGrabber.h">
      <Filter>Header Files</Filter>
    </ClInclude>
    <ClInclude Include="DataConverter.h">
      <Filter>Header Files</Filter>
    </ClInclude>
    <ClInclude Include="VideoDeviceInfoDiscovery.h">
      <Filter>Header Files</Filter>
    </ClInclude>
    <ClInclude Include="VideoGraphScope.h">
      <Filter>Header Files</Filter>
    </ClInclude>
    <ClInclude Include="DeviceVideoPlayer.h">
      <Filter>Header Files</Filter>
    </ClInclude>
    <ClInclude Include="Test.h">
      <Filter>Header Files</Filter>
    </ClInclude>
    <ClInclude Include="BackgroundThread.h">
      <Filter>Header Files</Filter>
    </ClInclude>
    <ClInclude Include="VideoGraphRunner.h">
      <Filter>Header Files</Filter>
    </ClInclude>
    <ClInclude Include="CoInitializer.h">
      <Filter>Header Files</Filter>
    </ClInclude>
    <ClInclude Include="Setting.h">
      <Filter>Header Files</Filter>
    </ClInclude>
    <ClInclude Include="_ISettingListEvents_CP.h">
      <Filter>Header Files</Filter>
    </ClInclude>
    <ClInclude Include="SettingList.h">
      <Filter>Header Files</Filter>
    </ClInclude>
    <ClInclude Include="SettingFactory.h">
      <Filter>Header Files</Filter>
    </ClInclude>
    <ClInclude Include="Frame.h">
      <Filter>Header Files</Filter>
    </ClInclude>
    <ClInclude Include="FrameBuffer.h">
      <Filter>Header Files</Filter>
    </ClInclude>
    <ClInclude Include="_IVideoChannelListEvents_CP.h">
      <Filter>Header Files</Filter>
    </ClInclude>
    <ClInclude Include="VideoChannelList.h">
      <Filter>Header Files</Filter>
    </ClInclude>
  </ItemGroup>
  <ItemGroup>
    <ResourceCompile Include="VideoProvider.rc">
      <Filter>Resource Files</Filter>
    </ResourceCompile>
  </ItemGroup>
  <ItemGroup>
    <None Include="ReadMe.txt" />
    <None Include="VideoProvider.rgs">
      <Filter>Resource Files</Filter>
    </None>
    <None Include="VideoProvider.def">
      <Filter>Source Files</Filter>
    </None>
    <None Include="VideoGraphConfiguration.rgs">
      <Filter>Resource Files</Filter>
    </None>
    <None Include="VideoGraph.rgs">
      <Filter>Resource Files</Filter>
    </None>
    <None Include="MediaMonikerStore.rgs">
      <Filter>Resource Files</Filter>
    </None>
    <None Include="MediaMonikerList.rgs">
      <Filter>Resource Files</Filter>
    </None>
    <None Include="VideoDeviceInfo.rgs">
      <Filter>Resource Files</Filter>
    </None>
    <None Include="VideoDeviceInfoList.rgs">
      <Filter>Resource Files</Filter>
    </None>
    <None Include="VideoDeviceInfoAdapter.rgs">
      <Filter>Resource Files</Filter>
    </None>
    <None Include="VideoDeviceInfoDiscovery.rgs">
      <Filter>Resource Files</Filter>
    </None>
    <None Include="DeviceVideoPlayer.rgs">
      <Filter>Resource Files</Filter>
    </None>
    <None Include="Test.rgs">
      <Filter>Resource Files</Filter>
    </None>
    <None Include="BackgroundThread.rgs">
      <Filter>Resource Files</Filter>
    </None>
    <None Include="VideoGraphRunner.rgs">
      <Filter>Resource Files</Filter>
    </None>
    <None Include="Setting.rgs">
      <Filter>Resource Files</Filter>
    </None>
    <None Include="SettingList.rgs">
      <Filter>Resource Files</Filter>
    </None>
    <None Include="SettingFactory.rgs">
      <Filter>Resource Files</Filter>
    </None>
    <None Include="Frame.rgs">
      <Filter>Resource Files</Filter>
    </None>
    <None Include="FrameBuffer.rgs">
      <Filter>Resource Files</Filter>
    </None>
    <None Include="VideoChannelList.rgs">
      <Filter>Resource Files</Filter>
    </None>
  </ItemGroup>
  <ItemGroup>
    <Midl Include="VideoProvider.idl">
      <Filter>Source Files</Filter>
    </Midl>
  </ItemGroup>
</Project>